// !$*UTF8*$!
{
	archiveVersion = 1;
	classes = {
	};
	objectVersion = 48;
	objects = {

/* Begin PBXBuildFile section */
		E8CBEC2B204E42FB004680F2 /* AppDelegate.swift in Sources */ = {isa = PBXBuildFile; fileRef = E8CBEC2A204E42FB004680F2 /* AppDelegate.swift */; };
		E8CBEC2D204E42FB004680F2 /* ViewController.swift in Sources */ = {isa = PBXBuildFile; fileRef = E8CBEC2C204E42FB004680F2 /* ViewController.swift */; };
		E8CBEC30204E42FB004680F2 /* Main.storyboard in Resources */ = {isa = PBXBuildFile; fileRef = E8CBEC2E204E42FB004680F2 /* Main.storyboard */; };
		E8CBEC32204E42FB004680F2 /* Assets.xcassets in Resources */ = {isa = PBXBuildFile; fileRef = E8CBEC31204E42FB004680F2 /* Assets.xcassets */; };
		E8CBEC35204E42FB004680F2 /* LaunchScreen.storyboard in Resources */ = {isa = PBXBuildFile; fileRef = E8CBEC33204E42FB004680F2 /* LaunchScreen.storyboard */; };
		E8CBEC40204E42FB004680F2 /* ViewDemoTests.swift in Sources */ = {isa = PBXBuildFile; fileRef = E8CBEC3F204E42FB004680F2 /* ViewDemoTests.swift */; };
		E8CBEC4B204E42FB004680F2 /* ViewDemoUITests.swift in Sources */ = {isa = PBXBuildFile; fileRef = E8CBEC4A204E42FB004680F2 /* ViewDemoUITests.swift */; };
/* End PBXBuildFile section */

/* Begin PBXContainerItemProxy section */
		E8CBEC3C204E42FB004680F2 /* PBXContainerItemProxy */ = {
			isa = PBXContainerItemProxy;
			containerPortal = E8CBEC1F204E42FB004680F2 /* Project object */;
			proxyType = 1;
			remoteGlobalIDString = E8CBEC26204E42FB004680F2;
			remoteInfo = ViewDemo;
		};
		E8CBEC47204E42FB004680F2 /* PBXContainerItemProxy */ = {
			isa = PBXContainerItemProxy;
			containerPortal = E8CBEC1F204E42FB004680F2 /* Project object */;
			proxyType = 1;
			remoteGlobalIDString = E8CBEC26204E42FB004680F2;
			remoteInfo = ViewDemo;
		};
/* End PBXContainerItemProxy section */

/* Begin PBXFileReference section */
		E8CBEC27204E42FB004680F2 /* ViewDemo.app */ = {isa = PBXFileReference; explicitFileType = wrapper.application; includeInIndex = 0; path = ViewDemo.app; sourceTree = BUILT_PRODUCTS_DIR; };
		E8CBEC2A204E42FB004680F2 /* AppDelegate.swift */ = {isa = PBXFileReference; lastKnownFileType = sourcecode.swift; path = AppDelegate.swift; sourceTree = "<group>"; };
		E8CBEC2C204E42FB004680F2 /* ViewController.swift */ = {isa = PBXFileReference; lastKnownFileType = sourcecode.swift; path = ViewController.swift; sourceTree = "<group>"; };
		E8CBEC2F204E42FB004680F2 /* Base */ = {isa = PBXFileReference; lastKnownFileType = file.storyboard; name = Base; path = Base.lproj/Main.storyboard; sourceTree = "<group>"; };
		E8CBEC31204E42FB004680F2 /* Assets.xcassets */ = {isa = PBXFileReference; lastKnownFileType = folder.assetcatalog; path = Assets.xcassets; sourceTree = "<group>"; };
		E8CBEC34204E42FB004680F2 /* Base */ = {isa = PBXFileReference; lastKnownFileType = file.storyboard; name = Base; path = Base.lproj/LaunchScreen.storyboard; sourceTree = "<group>"; };
		E8CBEC36204E42FB004680F2 /* Info.plist */ = {isa = PBXFileReference; lastKnownFileType = text.plist.xml; path = Info.plist; sourceTree = "<group>"; };
		E8CBEC3B204E42FB004680F2 /* ViewDemoTests.xctest */ = {isa = PBXFileReference; explicitFileType = wrapper.cfbundle; includeInIndex = 0; path = ViewDemoTests.xctest; sourceTree = BUILT_PRODUCTS_DIR; };
		E8CBEC3F204E42FB004680F2 /* ViewDemoTests.swift */ = {isa = PBXFileReference; lastKnownFileType = sourcecode.swift; path = ViewDemoTests.swift; sourceTree = "<group>"; };
		E8CBEC41204E42FB004680F2 /* Info.plist */ = {isa = PBXFileReference; lastKnownFileType = text.plist.xml; path = Info.plist; sourceTree = "<group>"; };
		E8CBEC46204E42FB004680F2 /* ViewDemoUITests.xctest */ = {isa = PBXFileReference; explicitFileType = wrapper.cfbundle; includeInIndex = 0; path = ViewDemoUITests.xctest; sourceTree = BUILT_PRODUCTS_DIR; };
		E8CBEC4A204E42FB004680F2 /* ViewDemoUITests.swift */ = {isa = PBXFileReference; lastKnownFileType = sourcecode.swift; path = ViewDemoUITests.swift; sourceTree = "<group>"; };
		E8CBEC4C204E42FB004680F2 /* Info.plist */ = {isa = PBXFileReference; lastKnownFileType = text.plist.xml; path = Info.plist; sourceTree = "<group>"; };
/* End PBXFileReference section */

/* Begin PBXFrameworksBuildPhase section */
		E8CBEC24204E42FB004680F2 /* Frameworks */ = {
			isa = PBXFrameworksBuildPhase;
			buildActionMask = 2147483647;
			files = (
			);
			runOnlyForDeploymentPostprocessing = 0;
		};
		E8CBEC38204E42FB004680F2 /* Frameworks */ = {
			isa = PBXFrameworksBuildPhase;
			buildActionMask = 2147483647;
			files = (
			);
			runOnlyForDeploymentPostprocessing = 0;
		};
		E8CBEC43204E42FB004680F2 /* Frameworks */ = {
			isa = PBXFrameworksBuildPhase;
			buildActionMask = 2147483647;
			files = (
			);
			runOnlyForDeploymentPostprocessing = 0;
		};
/* End PBXFrameworksBuildPhase section */

/* Begin PBXGroup section */
		E8CBEC1E204E42FB004680F2 = {
			isa = PBXGroup;
			children = (
				E8CBEC29204E42FB004680F2 /* ViewDemo */,
				E8CBEC3E204E42FB004680F2 /* ViewDemoTests */,
				E8CBEC49204E42FB004680F2 /* ViewDemoUITests */,
				E8CBEC28204E42FB004680F2 /* Products */,
			);
			sourceTree = "<group>";
		};
		E8CBEC28204E42FB004680F2 /* Products */ = {
			isa = PBXGroup;
			children = (
				E8CBEC27204E42FB004680F2 /* ViewDemo.app */,
				E8CBEC3B204E42FB004680F2 /* ViewDemoTests.xctest */,
				E8CBEC46204E42FB004680F2 /* ViewDemoUITests.xctest */,
			);
			name = Products;
			sourceTree = "<group>";
		};
		E8CBEC29204E42FB004680F2 /* ViewDemo */ = {
			isa = PBXGroup;
			children = (
				E8CBEC2A204E42FB004680F2 /* AppDelegate.swift */,
				E8CBEC2C204E42FB004680F2 /* ViewController.swift */,
				E8CBEC2E204E42FB004680F2 /* Main.storyboard */,
				E8CBEC31204E42FB004680F2 /* Assets.xcassets */,
				E8CBEC33204E42FB004680F2 /* LaunchScreen.storyboard */,
				E8CBEC36204E42FB004680F2 /* Info.plist */,
			);
			path = ViewDemo;
			sourceTree = "<group>";
		};
		E8CBEC3E204E42FB004680F2 /* ViewDemoTests */ = {
			isa = PBXGroup;
			children = (
				E8CBEC3F204E42FB004680F2 /* ViewDemoTests.swift */,
				E8CBEC41204E42FB004680F2 /* Info.plist */,
			);
			path = ViewDemoTests;
			sourceTree = "<group>";
		};
		E8CBEC49204E42FB004680F2 /* ViewDemoUITests */ = {
			isa = PBXGroup;
			children = (
				E8CBEC4A204E42FB004680F2 /* ViewDemoUITests.swift */,
				E8CBEC4C204E42FB004680F2 /* Info.plist */,
			);
			path = ViewDemoUITests;
			sourceTree = "<group>";
		};
/* End PBXGroup section */

/* Begin PBXNativeTarget section */
		E8CBEC26204E42FB004680F2 /* ViewDemo */ = {
			isa = PBXNativeTarget;
			buildConfigurationList = E8CBEC4F204E42FB004680F2 /* Build configuration list for PBXNativeTarget "ViewDemo" */;
			buildPhases = (
				E8CBEC23204E42FB004680F2 /* Sources */,
				E8CBEC24204E42FB004680F2 /* Frameworks */,
				E8CBEC25204E42FB004680F2 /* Resources */,
			);
			buildRules = (
			);
			dependencies = (
			);
			name = ViewDemo;
			productName = ViewDemo;
			productReference = E8CBEC27204E42FB004680F2 /* ViewDemo.app */;
			productType = "com.apple.product-type.application";
		};
		E8CBEC3A204E42FB004680F2 /* ViewDemoTests */ = {
			isa = PBXNativeTarget;
			buildConfigurationList = E8CBEC52204E42FB004680F2 /* Build configuration list for PBXNativeTarget "ViewDemoTests" */;
			buildPhases = (
				E8CBEC37204E42FB004680F2 /* Sources */,
				E8CBEC38204E42FB004680F2 /* Frameworks */,
				E8CBEC39204E42FB004680F2 /* Resources */,
			);
			buildRules = (
			);
			dependencies = (
				E8CBEC3D204E42FB004680F2 /* PBXTargetDependency */,
			);
			name = ViewDemoTests;
			productName = ViewDemoTests;
			productReference = E8CBEC3B204E42FB004680F2 /* ViewDemoTests.xctest */;
			productType = "com.apple.product-type.bundle.unit-test";
		};
		E8CBEC45204E42FB004680F2 /* ViewDemoUITests */ = {
			isa = PBXNativeTarget;
			buildConfigurationList = E8CBEC55204E42FB004680F2 /* Build configuration list for PBXNativeTarget "ViewDemoUITests" */;
			buildPhases = (
				E8CBEC42204E42FB004680F2 /* Sources */,
				E8CBEC43204E42FB004680F2 /* Frameworks */,
				E8CBEC44204E42FB004680F2 /* Resources */,
			);
			buildRules = (
			);
			dependencies = (
				E8CBEC48204E42FB004680F2 /* PBXTargetDependency */,
			);
			name = ViewDemoUITests;
			productName = ViewDemoUITests;
			productReference = E8CBEC46204E42FB004680F2 /* ViewDemoUITests.xctest */;
			productType = "com.apple.product-type.bundle.ui-testing";
		};
/* End PBXNativeTarget section */

/* Begin PBXProject section */
		E8CBEC1F204E42FB004680F2 /* Project object */ = {
			isa = PBXProject;
			attributes = {
				LastSwiftUpdateCheck = 0920;
				LastUpgradeCheck = 0920;
				ORGANIZATIONNAME = DyCode;
				TargetAttributes = {
					E8CBEC26204E42FB004680F2 = {
						CreatedOnToolsVersion = 9.2;
						ProvisioningStyle = Automatic;
					};
					E8CBEC3A204E42FB004680F2 = {
						CreatedOnToolsVersion = 9.2;
						ProvisioningStyle = Automatic;
						TestTargetID = E8CBEC26204E42FB004680F2;
					};
					E8CBEC45204E42FB004680F2 = {
						CreatedOnToolsVersion = 9.2;
						ProvisioningStyle = Automatic;
						TestTargetID = E8CBEC26204E42FB004680F2;
					};
				};
			};
			buildConfigurationList = E8CBEC22204E42FB004680F2 /* Build configuration list for PBXProject "ViewDemo" */;
			compatibilityVersion = "Xcode 8.0";
			developmentRegion = en;
			hasScannedForEncodings = 0;
			knownRegions = (
				en,
				Base,
			);
			mainGroup = E8CBEC1E204E42FB004680F2;
			productRefGroup = E8CBEC28204E42FB004680F2 /* Products */;
			projectDirPath = "";
			projectRoot = "";
			targets = (
				E8CBEC26204E42FB004680F2 /* ViewDemo */,
				E8CBEC3A204E42FB004680F2 /* ViewDemoTests */,
				E8CBEC45204E42FB004680F2 /* ViewDemoUITests */,
			);
		};
/* End PBXProject section */

/* Begin PBXResourcesBuildPhase section */
		E8CBEC25204E42FB004680F2 /* Resources */ = {
			isa = PBXResourcesBuildPhase;
			buildActionMask = 2147483647;
			files = (
				E8CBEC35204E42FB004680F2 /* LaunchScreen.storyboard in Resources */,
				E8CBEC32204E42FB004680F2 /* Assets.xcassets in Resources */,
				E8CBEC30204E42FB004680F2 /* Main.storyboard in Resources */,
			);
			runOnlyForDeploymentPostprocessing = 0;
		};
		E8CBEC39204E42FB004680F2 /* Resources */ = {
			isa = PBXResourcesBuildPhase;
			buildActionMask = 2147483647;
			files = (
			);
			runOnlyForDeploymentPostprocessing = 0;
		};
		E8CBEC44204E42FB004680F2 /* Resources */ = {
			isa = PBXResourcesBuildPhase;
			buildActionMask = 2147483647;
			files = (
			);
			runOnlyForDeploymentPostprocessing = 0;
		};
/* End PBXResourcesBuildPhase section */

/* Begin PBXSourcesBuildPhase section */
		E8CBEC23204E42FB004680F2 /* Sources */ = {
			isa = PBXSourcesBuildPhase;
			buildActionMask = 2147483647;
			files = (
				E8CBEC2D204E42FB004680F2 /* ViewController.swift in Sources */,
				E8CBEC2B204E42FB004680F2 /* AppDelegate.swift in Sources */,
			);
			runOnlyForDeploymentPostprocessing = 0;
		};
		E8CBEC37204E42FB004680F2 /* Sources */ = {
			isa = PBXSourcesBuildPhase;
			buildActionMask = 2147483647;
			files = (
				E8CBEC40204E42FB004680F2 /* ViewDemoTests.swift in Sources */,
			);
			runOnlyForDeploymentPostprocessing = 0;
		};
		E8CBEC42204E42FB004680F2 /* Sources */ = {
			isa = PBXSourcesBuildPhase;
			buildActionMask = 2147483647;
			files = (
				E8CBEC4B204E42FB004680F2 /* ViewDemoUITests.swift in Sources */,
			);
			runOnlyForDeploymentPostprocessing = 0;
		};
/* End PBXSourcesBuildPhase section */

/* Begin PBXTargetDependency section */
		E8CBEC3D204E42FB004680F2 /* PBXTargetDependency */ = {
			isa = PBXTargetDependency;
			target = E8CBEC26204E42FB004680F2 /* ViewDemo */;
			targetProxy = E8CBEC3C204E42FB004680F2 /* PBXContainerItemProxy */;
		};
		E8CBEC48204E42FB004680F2 /* PBXTargetDependency */ = {
			isa = PBXTargetDependency;
			target = E8CBEC26204E42FB004680F2 /* ViewDemo */;
			targetProxy = E8CBEC47204E42FB004680F2 /* PBXContainerItemProxy */;
		};
/* End PBXTargetDependency section */

/* Begin PBXVariantGroup section */
		E8CBEC2E204E42FB004680F2 /* Main.storyboard */ = {
			isa = PBXVariantGroup;
			children = (
				E8CBEC2F204E42FB004680F2 /* Base */,
			);
			name = Main.storyboard;
			sourceTree = "<group>";
		};
		E8CBEC33204E42FB004680F2 /* LaunchScreen.storyboard */ = {
			isa = PBXVariantGroup;
			children = (
				E8CBEC34204E42FB004680F2 /* Base */,
			);
			name = LaunchScreen.storyboard;
			sourceTree = "<group>";
		};
/* End PBXVariantGroup section */

/* Begin XCBuildConfiguration section */
		E8CBEC4D204E42FB004680F2 /* Debug */ = {
			isa = XCBuildConfiguration;
			buildSettings = {
				ALWAYS_SEARCH_USER_PATHS = NO;
				CLANG_ANALYZER_NONNULL = YES;
				CLANG_ANALYZER_NUMBER_OBJECT_CONVERSION = YES_AGGRESSIVE;
				CLANG_CXX_LANGUAGE_STANDARD = "gnu++14";
				CLANG_CXX_LIBRARY = "libc++";
				CLANG_ENABLE_MODULES = YES;
				CLANG_ENABLE_OBJC_ARC = YES;
				CLANG_WARN_BLOCK_CAPTURE_AUTORELEASING = YES;
				CLANG_WARN_BOOL_CONVERSION = YES;
				CLANG_WARN_COMMA = YES;
				CLANG_WARN_CONSTANT_CONVERSION = YES;
				CLANG_WARN_DIRECT_OBJC_ISA_USAGE = YES_ERROR;
				CLANG_WARN_DOCUMENTATION_COMMENTS = YES;
				CLANG_WARN_EMPTY_BODY = YES;
				CLANG_WARN_ENUM_CONVERSION = YES;
				CLANG_WARN_INFINITE_RECURSION = YES;
				CLANG_WARN_INT_CONVERSION = YES;
				CLANG_WARN_NON_LITERAL_NULL_CONVERSION = YES;
				CLANG_WARN_OBJC_LITERAL_CONVERSION = YES;
				CLANG_WARN_OBJC_ROOT_CLASS = YES_ERROR;
				CLANG_WARN_RANGE_LOOP_ANALYSIS = YES;
				CLANG_WARN_STRICT_PROTOTYPES = YES;
				CLANG_WARN_SUSPICIOUS_MOVE = YES;
				CLANG_WARN_UNGUARDED_AVAILABILITY = YES_AGGRESSIVE;
				CLANG_WARN_UNREACHABLE_CODE = YES;
				CLANG_WARN__DUPLICATE_METHOD_MATCH = YES;
				CODE_SIGN_IDENTITY = "iPhone Developer";
				COPY_PHASE_STRIP = NO;
				DEBUG_INFORMATION_FORMAT = dwarf;
				ENABLE_STRICT_OBJC_MSGSEND = YES;
				ENABLE_TESTABILITY = YES;
				GCC_C_LANGUAGE_STANDARD = gnu11;
				GCC_DYNAMIC_NO_PIC = NO;
				GCC_NO_COMMON_BLOCKS = YES;
				GCC_OPTIMIZATION_LEVEL = 0;
				GCC_PREPROCESSOR_DEFINITIONS = (
					"DEBUG=1",
					"$(inherited)",
				);
				GCC_WARN_64_TO_32_BIT_CONVERSION = YES;
				GCC_WARN_ABOUT_RETURN_TYPE = YES_ERROR;
				GCC_WARN_UNDECLARED_SELECTOR = YES;
				GCC_WARN_UNINITIALIZED_AUTOS = YES_AGGRESSIVE;
				GCC_WARN_UNUSED_FUNCTION = YES;
				GCC_WARN_UNUSED_VARIABLE = YES;
				IPHONEOS_DEPLOYMENT_TARGET = 11.2;
				MTL_ENABLE_DEBUG_INFO = YES;
				ONLY_ACTIVE_ARCH = YES;
				SDKROOT = iphoneos;
				SWIFT_ACTIVE_COMPILATION_CONDITIONS = DEBUG;
				SWIFT_OPTIMIZATION_LEVEL = "-Onone";
			};
			name = Debug;
		};
		E8CBEC4E204E42FB004680F2 /* Release */ = {
			isa = XCBuildConfiguration;
			buildSettings = {
				ALWAYS_SEARCH_USER_PATHS = NO;
				CLANG_ANALYZER_NONNULL = YES;
				CLANG_ANALYZER_NUMBER_OBJECT_CONVERSION = YES_AGGRESSIVE;
				CLANG_CXX_LANGUAGE_STANDARD = "gnu++14";
				CLANG_CXX_LIBRARY = "libc++";
				CLANG_ENABLE_MODULES = YES;
				CLANG_ENABLE_OBJC_ARC = YES;
				CLANG_WARN_BLOCK_CAPTURE_AUTORELEASING = YES;
				CLANG_WARN_BOOL_CONVERSION = YES;
				CLANG_WARN_COMMA = YES;
				CLANG_WARN_CONSTANT_CONVERSION = YES;
				CLANG_WARN_DIRECT_OBJC_ISA_USAGE = YES_ERROR;
				CLANG_WARN_DOCUMENTATION_COMMENTS = YES;
				CLANG_WARN_EMPTY_BODY = YES;
				CLANG_WARN_ENUM_CONVERSION = YES;
				CLANG_WARN_INFINITE_RECURSION = YES;
				CLANG_WARN_INT_CONVERSION = YES;
				CLANG_WARN_NON_LITERAL_NULL_CONVERSION = YES;
				CLANG_WARN_OBJC_LITERAL_CONVERSION = YES;
				CLANG_WARN_OBJC_ROOT_CLASS = YES_ERROR;
				CLANG_WARN_RANGE_LOOP_ANALYSIS = YES;
				CLANG_WARN_STRICT_PROTOTYPES = YES;
				CLANG_WARN_SUSPICIOUS_MOVE = YES;
				CLANG_WARN_UNGUARDED_AVAILABILITY = YES_AGGRESSIVE;
				CLANG_WARN_UNREACHABLE_CODE = YES;
				CLANG_WARN__DUPLICATE_METHOD_MATCH = YES;
				CODE_SIGN_IDENTITY = "iPhone Developer";
				COPY_PHASE_STRIP = NO;
				DEBUG_INFORMATION_FORMAT = "dwarf-with-dsym";
				ENABLE_NS_ASSERTIONS = NO;
				ENABLE_STRICT_OBJC_MSGSEND = YES;
				GCC_C_LANGUAGE_STANDARD = gnu11;
				GCC_NO_COMMON_BLOCKS = YES;
				GCC_WARN_64_TO_32_BIT_CONVERSION = YES;
				GCC_WARN_ABOUT_RETURN_TYPE = YES_ERROR;
				GCC_WARN_UNDECLARED_SELECTOR = YES;
				GCC_WARN_UNINITIALIZED_AUTOS = YES_AGGRESSIVE;
				GCC_WARN_UNUSED_FUNCTION = YES;
				GCC_WARN_UNUSED_VARIABLE = YES;
				IPHONEOS_DEPLOYMENT_TARGET = 11.2;
				MTL_ENABLE_DEBUG_INFO = NO;
				SDKROOT = iphoneos;
				SWIFT_OPTIMIZATION_LEVEL = "-Owholemodule";
				VALIDATE_PRODUCT = YES;
			};
			name = Release;
		};
		E8CBEC50204E42FB004680F2 /* Debug */ = {
			isa = XCBuildConfiguration;
			buildSettings = {
				ASSETCATALOG_COMPILER_APPICON_NAME = AppIcon;
				CODE_SIGN_STYLE = Automatic;
				INFOPLIST_FILE = ViewDemo/Info.plist;
				IPHONEOS_DEPLOYMENT_TARGET = 11.0;
				LD_RUNPATH_SEARCH_PATHS = "$(inherited) @executable_path/Frameworks";
				PRODUCT_BUNDLE_IDENTIFIER = com.dycode.ViewDemo;
				PRODUCT_NAME = "$(TARGET_NAME)";
				SWIFT_VERSION = 4.0;
				TARGETED_DEVICE_FAMILY = "1,2";
			};
			name = Debug;
		};
		E8CBEC51204E42FB004680F2 /* Release */ = {
			isa = XCBuildConfiguration;
			buildSettings = {
				ASSETCATALOG_COMPILER_APPICON_NAME = AppIcon;
				CODE_SIGN_STYLE = Automatic;
				INFOPLIST_FILE = ViewDemo/Info.plist;
				IPHONEOS_DEPLOYMENT_TARGET = 11.0;
				LD_RUNPATH_SEARCH_PATHS = "$(inherited) @executable_path/Frameworks";
				PRODUCT_BUNDLE_IDENTIFIER = com.dycode.ViewDemo;
				PRODUCT_NAME = "$(TARGET_NAME)";
				SWIFT_VERSION = 4.0;
				TARGETED_DEVICE_FAMILY = "1,2";
			};
			name = Release;
		};
		E8CBEC53204E42FB004680F2 /* Debug */ = {
			isa = XCBuildConfiguration;
			buildSettings = {
				ALWAYS_EMBED_SWIFT_STANDARD_LIBRARIES = YES;
				BUNDLE_LOADER = "$(TEST_HOST)";
				CODE_SIGN_STYLE = Automatic;
				INFOPLIST_FILE = ViewDemoTests/Info.plist;
				LD_RUNPATH_SEARCH_PATHS = "$(inherited) @executable_path/Frameworks @loader_path/Frameworks";
				PRODUCT_BUNDLE_IDENTIFIER = com.dycode.ViewDemoTests;
				PRODUCT_NAME = "$(TARGET_NAME)";
				SWIFT_VERSION = 4.0;
				TARGETED_DEVICE_FAMILY = "1,2";
				TEST_HOST = "$(BUILT_PRODUCTS_DIR)/ViewDemo.app/ViewDemo";
			};
			name = Debug;
		};
		E8CBEC54204E42FB004680F2 /* Release */ = {
			isa = XCBuildConfiguration;
			buildSettings = {
				ALWAYS_EMBED_SWIFT_STANDARD_LIBRARIES = YES;
				BUNDLE_LOADER = "$(TEST_HOST)";
				CODE_SIGN_STYLE = Automatic;
				INFOPLIST_FILE = ViewDemoTests/Info.plist;
				LD_RUNPATH_SEARCH_PATHS = "$(inherited) @executable_path/Frameworks @loader_path/Frameworks";
				PRODUCT_BUNDLE_IDENTIFIER = com.dycode.ViewDemoTests;
				PRODUCT_NAME = "$(TARGET_NAME)";
				SWIFT_VERSION = 4.0;
				TARGETED_DEVICE_FAMILY = "1,2";
				TEST_HOST = "$(BUILT_PRODUCTS_DIR)/ViewDemo.app/ViewDemo";
			};
			name = Release;
		};
		E8CBEC56204E42FB004680F2 /* Debug */ = {
			isa = XCBuildConfiguration;
			buildSettings = {
				ALWAYS_EMBED_SWIFT_STANDARD_LIBRARIES = YES;
				CODE_SIGN_STYLE = Automatic;
				INFOPLIST_FILE = ViewDemoUITests/Info.plist;
				LD_RUNPATH_SEARCH_PATHS = "$(inherited) @executable_path/Frameworks @loader_path/Frameworks";
				PRODUCT_BUNDLE_IDENTIFIER = com.dycode.ViewDemoUITests;
				PRODUCT_NAME = "$(TARGET_NAME)";
				SWIFT_VERSION = 4.0;
				TARGETED_DEVICE_FAMILY = "1,2";
				TEST_TARGET_NAME = ViewDemo;
			};
			name = Debug;
		};
		E8CBEC57204E42FB004680F2 /* Release */ = {
			isa = XCBuildConfiguration;
			buildSettings = {
				ALWAYS_EMBED_SWIFT_STANDARD_LIBRARIES = YES;
				CODE_SIGN_STYLE = Automatic;
				INFOPLIST_FILE = ViewDemoUITests/Info.plist;
				LD_RUNPATH_SEARCH_PATHS = "$(inherited) @executable_path/Frameworks @loader_path/Frameworks";
				PRODUCT_BUNDLE_IDENTIFIER = com.dycode.ViewDemoUITests;
				PRODUCT_NAME = "$(TARGET_NAME)";
				SWIFT_VERSION = 4.0;
				TARGETED_DEVICE_FAMILY = "1,2";
				TEST_TARGET_NAME = ViewDemo;
			};
			name = Release;
		};
/* End XCBuildConfiguration section */

/* Begin XCConfigurationList section */
		E8CBEC22204E42FB004680F2 /* Build configuration list for PBXProject "ViewDemo" */ = {
			isa = XCConfigurationList;
			buildConfigurations = (
				E8CBEC4D204E42FB004680F2 /* Debug */,
				E8CBEC4E204E42FB004680F2 /* Release */,
			);
			defaultConfigurationIsVisible = 0;
			defaultConfigurationName = Release;
		};
		E8CBEC4F204E42FB004680F2 /* Build configuration list for PBXNativeTarget "ViewDemo" */ = {
			isa = XCConfigurationList;
			buildConfigurations = (
				E8CBEC50204E42FB004680F2 /* Debug */,
				E8CBEC51204E42FB004680F2 /* Release */,
			);
			defaultConfigurationIsVisible = 0;
			defaultConfigurationName = Release;
		};
		E8CBEC52204E42FB004680F2 /* Build configuration list for PBXNativeTarget "ViewDemoTests" */ = {
			isa = XCConfigurationList;
			buildConfigurations = (
				E8CBEC53204E42FB004680F2 /* Debug */,
				E8CBEC54204E42FB004680F2 /* Release */,
			);
			defaultConfigurationIsVisible = 0;
			defaultConfigurationName = Release;
		};
		E8CBEC55204E42FB004680F2 /* Build configuration list for PBXNativeTarget "ViewDemoUITests" */ = {
			isa = XCConfigurationList;
			buildConfigurations = (
				E8CBEC56204E42FB004680F2 /* Debug */,
				E8CBEC57204E42FB004680F2 /* Release */,
			);
			defaultConfigurationIsVisible = 0;
			defaultConfigurationName = Release;
		};
/* End XCConfigurationList section */
	};
	rootObject = E8CBEC1F204E42FB004680F2 /* Project object */;
}
